// !$*UTF8*$!
{
	archiveVersion = 1;
	classes = {
	};
	objectVersion = 46;
	objects = {

/* Begin PBXBuildFile section */
		138B1D7C1C943923008EFE7B /* AppDelegate.swift in Sources */ = {isa = PBXBuildFile; fileRef = 138B1D7B1C943923008EFE7B /* AppDelegate.swift */; };
		138B1D7E1C943923008EFE7B /* ViewController.swift in Sources */ = {isa = PBXBuildFile; fileRef = 138B1D7D1C943923008EFE7B /* ViewController.swift */; };
		138B1D811C943923008EFE7B /* Main.storyboard in Resources */ = {isa = PBXBuildFile; fileRef = 138B1D7F1C943923008EFE7B /* Main.storyboard */; };
		138B1D831C943924008EFE7B /* Assets.xcassets in Resources */ = {isa = PBXBuildFile; fileRef = 138B1D821C943924008EFE7B /* Assets.xcassets */; };
		138B1D861C943924008EFE7B /* LaunchScreen.storyboard in Resources */ = {isa = PBXBuildFile; fileRef = 138B1D841C943924008EFE7B /* LaunchScreen.storyboard */; };
		138B1D911C943924008EFE7B /* GuessTheFlagTests.swift in Sources */ = {isa = PBXBuildFile; fileRef = 138B1D901C943924008EFE7B /* GuessTheFlagTests.swift */; };
		138B1D9C1C943924008EFE7B /* GuessTheFlagUITests.swift in Sources */ = {isa = PBXBuildFile; fileRef = 138B1D9B1C943924008EFE7B /* GuessTheFlagUITests.swift */; };
/* End PBXBuildFile section */

/* Begin PBXContainerItemProxy section */
		138B1D8D1C943924008EFE7B /* PBXContainerItemProxy */ = {
			isa = PBXContainerItemProxy;
			containerPortal = 138B1D701C943923008EFE7B /* Project object */;
			proxyType = 1;
			remoteGlobalIDString = 138B1D771C943923008EFE7B;
			remoteInfo = GuessTheFlag;
		};
		138B1D981C943924008EFE7B /* PBXContainerItemProxy */ = {
			isa = PBXContainerItemProxy;
			containerPortal = 138B1D701C943923008EFE7B /* Project object */;
			proxyType = 1;
			remoteGlobalIDString = 138B1D771C943923008EFE7B;
			remoteInfo = GuessTheFlag;
		};
/* End PBXContainerItemProxy section */

/* Begin PBXFileReference section */
		138B1D781C943923008EFE7B /* GuessTheFlag.app */ = {isa = PBXFileReference; explicitFileType = wrapper.application; includeInIndex = 0; path = GuessTheFlag.app; sourceTree = BUILT_PRODUCTS_DIR; };
		138B1D7B1C943923008EFE7B /* AppDelegate.swift */ = {isa = PBXFileReference; lastKnownFileType = sourcecode.swift; path = AppDelegate.swift; sourceTree = "<group>"; };
		138B1D7D1C943923008EFE7B /* ViewController.swift */ = {isa = PBXFileReference; lastKnownFileType = sourcecode.swift; path = ViewController.swift; sourceTree = "<group>"; };
		138B1D801C943923008EFE7B /* Base */ = {isa = PBXFileReference; lastKnownFileType = file.storyboard; name = Base; path = Base.lproj/Main.storyboard; sourceTree = "<group>"; };
		138B1D821C943924008EFE7B /* Assets.xcassets */ = {isa = PBXFileReference; lastKnownFileType = folder.assetcatalog; path = Assets.xcassets; sourceTree = "<group>"; };
		138B1D851C943924008EFE7B /* Base */ = {isa = PBXFileReference; lastKnownFileType = file.storyboard; name = Base; path = Base.lproj/LaunchScreen.storyboard; sourceTree = "<group>"; };
		138B1D871C943924008EFE7B /* Info.plist */ = {isa = PBXFileReference; lastKnownFileType = text.plist.xml; path = Info.plist; sourceTree = "<group>"; };
		138B1D8C1C943924008EFE7B /* GuessTheFlagTests.xctest */ = {isa = PBXFileReference; explicitFileType = wrapper.cfbundle; includeInIndex = 0; path = GuessTheFlagTests.xctest; sourceTree = BUILT_PRODUCTS_DIR; };
		138B1D901C943924008EFE7B /* GuessTheFlagTests.swift */ = {isa = PBXFileReference; lastKnownFileType = sourcecode.swift; path = GuessTheFlagTests.swift; sourceTree = "<group>"; };
		138B1D921C943924008EFE7B /* Info.plist */ = {isa = PBXFileReference; lastKnownFileType = text.plist.xml; path = Info.plist; sourceTree = "<group>"; };
		138B1D971C943924008EFE7B /* GuessTheFlagUITests.xctest */ = {isa = PBXFileReference; explicitFileType = wrapper.cfbundle; includeInIndex = 0; path = GuessTheFlagUITests.xctest; sourceTree = BUILT_PRODUCTS_DIR; };
		138B1D9B1C943924008EFE7B /* GuessTheFlagUITests.swift */ = {isa = PBXFileReference; lastKnownFileType = sourcecode.swift; path = GuessTheFlagUITests.swift; sourceTree = "<group>"; };
		138B1D9D1C943924008EFE7B /* Info.plist */ = {isa = PBXFileReference; lastKnownFileType = text.plist.xml; path = Info.plist; sourceTree = "<group>"; };
/* End PBXFileReference section */

/* Begin PBXFrameworksBuildPhase section */
		138B1D751C943923008EFE7B /* Frameworks */ = {
			isa = PBXFrameworksBuildPhase;
			buildActionMask = 2147483647;
			files = (
			);
			runOnlyForDeploymentPostprocessing = 0;
		};
		138B1D891C943924008EFE7B /* Frameworks */ = {
			isa = PBXFrameworksBuildPhase;
			buildActionMask = 2147483647;
			files = (
			);
			runOnlyForDeploymentPostprocessing = 0;
		};
		138B1D941C943924008EFE7B /* Frameworks */ = {
			isa = PBXFrameworksBuildPhase;
			buildActionMask = 2147483647;
			files = (
			);
			runOnlyForDeploymentPostprocessing = 0;
		};
/* End PBXFrameworksBuildPhase section */

/* Begin PBXGroup section */
		138B1D6F1C943923008EFE7B = {
			isa = PBXGroup;
			children = (
				138B1D7A1C943923008EFE7B /* GuessTheFlag */,
				138B1D8F1C943924008EFE7B /* GuessTheFlagTests */,
				138B1D9A1C943924008EFE7B /* GuessTheFlagUITests */,
				138B1D791C943923008EFE7B /* Products */,
			);
			sourceTree = "<group>";
		};
		138B1D791C943923008EFE7B /* Products */ = {
			isa = PBXGroup;
			children = (
				138B1D781C943923008EFE7B /* GuessTheFlag.app */,
				138B1D8C1C943924008EFE7B /* GuessTheFlagTests.xctest */,
				138B1D971C943924008EFE7B /* GuessTheFlagUITests.xctest */,
			);
			name = Products;
			sourceTree = "<group>";
		};
		138B1D7A1C943923008EFE7B /* GuessTheFlag */ = {
			isa = PBXGroup;
			children = (
				138B1D7B1C943923008EFE7B /* AppDelegate.swift */,
				138B1D7D1C943923008EFE7B /* ViewController.swift */,
				138B1D7F1C943923008EFE7B /* Main.storyboard */,
				138B1D821C943924008EFE7B /* Assets.xcassets */,
				138B1D841C943924008EFE7B /* LaunchScreen.storyboard */,
				138B1D871C943924008EFE7B /* Info.plist */,
			);
			path = GuessTheFlag;
			sourceTree = "<group>";
		};
		138B1D8F1C943924008EFE7B /* GuessTheFlagTests */ = {
			isa = PBXGroup;
			children = (
				138B1D901C943924008EFE7B /* GuessTheFlagTests.swift */,
				138B1D921C943924008EFE7B /* Info.plist */,
			);
			path = GuessTheFlagTests;
			sourceTree = "<group>";
		};
		138B1D9A1C943924008EFE7B /* GuessTheFlagUITests */ = {
			isa = PBXGroup;
			children = (
				138B1D9B1C943924008EFE7B /* GuessTheFlagUITests.swift */,
				138B1D9D1C943924008EFE7B /* Info.plist */,
			);
			path = GuessTheFlagUITests;
			sourceTree = "<group>";
		};
/* End PBXGroup section */

/* Begin PBXNativeTarget section */
		138B1D771C943923008EFE7B /* GuessTheFlag */ = {
			isa = PBXNativeTarget;
			buildConfigurationList = 138B1DA01C943924008EFE7B /* Build configuration list for PBXNativeTarget "GuessTheFlag" */;
			buildPhases = (
				138B1D741C943923008EFE7B /* Sources */,
				138B1D751C943923008EFE7B /* Frameworks */,
				138B1D761C943923008EFE7B /* Resources */,
			);
			buildRules = (
			);
			dependencies = (
			);
			name = GuessTheFlag;
			productName = GuessTheFlag;
			productReference = 138B1D781C943923008EFE7B /* GuessTheFlag.app */;
			productType = "com.apple.product-type.application";
		};
		138B1D8B1C943924008EFE7B /* GuessTheFlagTests */ = {
			isa = PBXNativeTarget;
			buildConfigurationList = 138B1DA31C943924008EFE7B /* Build configuration list for PBXNativeTarget "GuessTheFlagTests" */;
			buildPhases = (
				138B1D881C943924008EFE7B /* Sources */,
				138B1D891C943924008EFE7B /* Frameworks */,
				138B1D8A1C943924008EFE7B /* Resources */,
			);
			buildRules = (
			);
			dependencies = (
				138B1D8E1C943924008EFE7B /* PBXTargetDependency */,
			);
			name = GuessTheFlagTests;
			productName = GuessTheFlagTests;
			productReference = 138B1D8C1C943924008EFE7B /* GuessTheFlagTests.xctest */;
			productType = "com.apple.product-type.bundle.unit-test";
		};
		138B1D961C943924008EFE7B /* GuessTheFlagUITests */ = {
			isa = PBXNativeTarget;
			buildConfigurationList = 138B1DA61C943924008EFE7B /* Build configuration list for PBXNativeTarget "GuessTheFlagUITests" */;
			buildPhases = (
				138B1D931C943924008EFE7B /* Sources */,
				138B1D941C943924008EFE7B /* Frameworks */,
				138B1D951C943924008EFE7B /* Resources */,
			);
			buildRules = (
			);
			dependencies = (
				138B1D991C943924008EFE7B /* PBXTargetDependency */,
			);
			name = GuessTheFlagUITests;
			productName = GuessTheFlagUITests;
			productReference = 138B1D971C943924008EFE7B /* GuessTheFlagUITests.xctest */;
			productType = "com.apple.product-type.bundle.ui-testing";
		};
/* End PBXNativeTarget section */

/* Begin PBXProject section */
		138B1D701C943923008EFE7B /* Project object */ = {
			isa = PBXProject;
			attributes = {
				LastSwiftUpdateCheck = 0710;
				LastUpgradeCheck = 0710;
				ORGANIZATIONNAME = Gedaym;
				TargetAttributes = {
					138B1D771C943923008EFE7B = {
						CreatedOnToolsVersion = 7.1.1;
						DevelopmentTeam = DMD4F2A8CW;
					};
					138B1D8B1C943924008EFE7B = {
						CreatedOnToolsVersion = 7.1.1;
						TestTargetID = 138B1D771C943923008EFE7B;
					};
					138B1D961C943924008EFE7B = {
						CreatedOnToolsVersion = 7.1.1;
						TestTargetID = 138B1D771C943923008EFE7B;
					};
				};
			};
			buildConfigurationList = 138B1D731C943923008EFE7B /* Build configuration list for PBXProject "GuessTheFlag" */;
			compatibilityVersion = "Xcode 3.2";
			developmentRegion = English;
			hasScannedForEncodings = 0;
			knownRegions = (
				en,
				Base,
			);
			mainGroup = 138B1D6F1C943923008EFE7B;
			productRefGroup = 138B1D791C943923008EFE7B /* Products */;
			projectDirPath = "";
			projectRoot = "";
			targets = (
				138B1D771C943923008EFE7B /* GuessTheFlag */,
				138B1D8B1C943924008EFE7B /* GuessTheFlagTests */,
				138B1D961C943924008EFE7B /* GuessTheFlagUITests */,
			);
		};
/* End PBXProject section */

/* Begin PBXResourcesBuildPhase section */
		138B1D761C943923008EFE7B /* Resources */ = {
			isa = PBXResourcesBuildPhase;
			buildActionMask = 2147483647;
			files = (
				138B1D861C943924008EFE7B /* LaunchScreen.storyboard in Resources */,
				138B1D831C943924008EFE7B /* Assets.xcassets in Resources */,
				138B1D811C943923008EFE7B /* Main.storyboard in Resources */,
			);
			runOnlyForDeploymentPostprocessing = 0;
		};
		138B1D8A1C943924008EFE7B /* Resources */ = {
			isa = PBXResourcesBuildPhase;
			buildActionMask = 2147483647;
			files = (
			);
			runOnlyForDeploymentPostprocessing = 0;
		};
		138B1D951C943924008EFE7B /* Resources */ = {
			isa = PBXResourcesBuildPhase;
			buildActionMask = 2147483647;
			files = (
			);
			runOnlyForDeploymentPostprocessing = 0;
		};
/* End PBXResourcesBuildPhase section */

/* Begin PBXSourcesBuildPhase section */
		138B1D741C943923008EFE7B /* Sources */ = {
			isa = PBXSourcesBuildPhase;
			buildActionMask = 2147483647;
			files = (
				138B1D7E1C943923008EFE7B /* ViewController.swift in Sources */,
				138B1D7C1C943923008EFE7B /* AppDelegate.swift in Sources */,
			);
			runOnlyForDeploymentPostprocessing = 0;
		};
		138B1D881C943924008EFE7B /* Sources */ = {
			isa = PBXSourcesBuildPhase;
			buildActionMask = 2147483647;
			files = (
				138B1D911C943924008EFE7B /* GuessTheFlagTests.swift in Sources */,
			);
			runOnlyForDeploymentPostprocessing = 0;
		};
		138B1D931C943924008EFE7B /* Sources */ = {
			isa = PBXSourcesBuildPhase;
			buildActionMask = 2147483647;
			files = (
				138B1D9C1C943924008EFE7B /* GuessTheFlagUITests.swift in Sources */,
			);
			runOnlyForDeploymentPostprocessing = 0;
		};
/* End PBXSourcesBuildPhase section */

/* Begin PBXTargetDependency section */
		138B1D8E1C943924008EFE7B /* PBXTargetDependency */ = {
			isa = PBXTargetDependency;
			target = 138B1D771C943923008EFE7B /* GuessTheFlag */;
			targetProxy = 138B1D8D1C943924008EFE7B /* PBXContainerItemProxy */;
		};
		138B1D991C943924008EFE7B /* PBXTargetDependency */ = {
			isa = PBXTargetDependency;
			target = 138B1D771C943923008EFE7B /* GuessTheFlag */;
			targetProxy = 138B1D981C943924008EFE7B /* PBXContainerItemProxy */;
		};
/* End PBXTargetDependency section */

/* Begin PBXVariantGroup section */
		138B1D7F1C943923008EFE7B /* Main.storyboard */ = {
			isa = PBXVariantGroup;
			children = (
				138B1D801C943923008EFE7B /* Base */,
			);
			name = Main.storyboard;
			sourceTree = "<group>";
		};
		138B1D841C943924008EFE7B /* LaunchScreen.storyboard */ = {
			isa = PBXVariantGroup;
			children = (
				138B1D851C943924008EFE7B /* Base */,
			);
			name = LaunchScreen.storyboard;
			sourceTree = "<group>";
		};
/* End PBXVariantGroup section */

/* Begin XCBuildConfiguration section */
		138B1D9E1C943924008EFE7B /* Debug */ = {
			isa = XCBuildConfiguration;
			buildSettings = {
				ALWAYS_SEARCH_USER_PATHS = NO;
				CLANG_CXX_LANGUAGE_STANDARD = "gnu++0x";
				CLANG_CXX_LIBRARY = "libc++";
				CLANG_ENABLE_MODULES = YES;
				CLANG_ENABLE_OBJC_ARC = YES;
				CLANG_WARN_BOOL_CONVERSION = YES;
				CLANG_WARN_CONSTANT_CONVERSION = YES;
				CLANG_WARN_DIRECT_OBJC_ISA_USAGE = YES_ERROR;
				CLANG_WARN_EMPTY_BODY = YES;
				CLANG_WARN_ENUM_CONVERSION = YES;
				CLANG_WARN_INT_CONVERSION = YES;
				CLANG_WARN_OBJC_ROOT_CLASS = YES_ERROR;
				CLANG_WARN_UNREACHABLE_CODE = YES;
				CLANG_WARN__DUPLICATE_METHOD_MATCH = YES;
				"CODE_SIGN_IDENTITY[sdk=iphoneos*]" = "iPhone Developer";
				COPY_PHASE_STRIP = NO;
				DEBUG_INFORMATION_FORMAT = dwarf;
				ENABLE_STRICT_OBJC_MSGSEND = YES;
				ENABLE_TESTABILITY = YES;
				GCC_C_LANGUAGE_STANDARD = gnu99;
				GCC_DYNAMIC_NO_PIC = NO;
				GCC_NO_COMMON_BLOCKS = YES;
				GCC_OPTIMIZATION_LEVEL = 0;
				GCC_PREPROCESSOR_DEFINITIONS = (
					"DEBUG=1",
					"$(inherited)",
				);
				GCC_WARN_64_TO_32_BIT_CONVERSION = YES;
				GCC_WARN_ABOUT_RETURN_TYPE = YES_ERROR;
				GCC_WARN_UNDECLARED_SELECTOR = YES;
				GCC_WARN_UNINITIALIZED_AUTOS = YES_AGGRESSIVE;
				GCC_WARN_UNUSED_FUNCTION = YES;
				GCC_WARN_UNUSED_VARIABLE = YES;
				IPHONEOS_DEPLOYMENT_TARGET = 9.1;
				MTL_ENABLE_DEBUG_INFO = YES;
				ONLY_ACTIVE_ARCH = YES;
				SDKROOT = iphoneos;
				SWIFT_OPTIMIZATION_LEVEL = "-Onone";
			};
			name = Debug;
		};
		138B1D9F1C943924008EFE7B /* Release */ = {
			isa = XCBuildConfiguration;
			buildSettings = {
				ALWAYS_SEARCH_USER_PATHS = NO;
				CLANG_CXX_LANGUAGE_STANDARD = "gnu++0x";
				CLANG_CXX_LIBRARY = "libc++";
				CLANG_ENABLE_MODULES = YES;
				CLANG_ENABLE_OBJC_ARC = YES;
				CLANG_WARN_BOOL_CONVERSION = YES;
				CLANG_WARN_CONSTANT_CONVERSION = YES;
				CLANG_WARN_DIRECT_OBJC_ISA_USAGE = YES_ERROR;
				CLANG_WARN_EMPTY_BODY = YES;
				CLANG_WARN_ENUM_CONVERSION = YES;
				CLANG_WARN_INT_CONVERSION = YES;
				CLANG_WARN_OBJC_ROOT_CLASS = YES_ERROR;
				CLANG_WARN_UNREACHABLE_CODE = YES;
				CLANG_WARN__DUPLICATE_METHOD_MATCH = YES;
				"CODE_SIGN_IDENTITY[sdk=iphoneos*]" = "iPhone Developer";
				COPY_PHASE_STRIP = NO;
				DEBUG_INFORMATION_FORMAT = "dwarf-with-dsym";
				ENABLE_NS_ASSERTIONS = NO;
				ENABLE_STRICT_OBJC_MSGSEND = YES;
				GCC_C_LANGUAGE_STANDARD = gnu99;
				GCC_NO_COMMON_BLOCKS = YES;
				GCC_WARN_64_TO_32_BIT_CONVERSION = YES;
				GCC_WARN_ABOUT_RETURN_TYPE = YES_ERROR;
				GCC_WARN_UNDECLARED_SELECTOR = YES;
				GCC_WARN_UNINITIALIZED_AUTOS = YES_AGGRESSIVE;
				GCC_WARN_UNUSED_FUNCTION = YES;
				GCC_WARN_UNUSED_VARIABLE = YES;
				IPHONEOS_DEPLOYMENT_TARGET = 9.1;
				MTL_ENABLE_DEBUG_INFO = NO;
				SDKROOT = iphoneos;
				VALIDATE_PRODUCT = YES;
			};
			name = Release;
		};
		138B1DA11C943924008EFE7B /* Debug */ = {
			isa = XCBuildConfiguration;
			buildSettings = {
				ASSETCATALOG_COMPILER_APPICON_NAME = AppIcon;
				CODE_SIGN_IDENTITY = "iPhone Developer";
				"CODE_SIGN_IDENTITY[sdk=iphoneos*]" = "iPhone Developer";
				INFOPLIST_FILE = GuessTheFlag/Info.plist;
				LD_RUNPATH_SEARCH_PATHS = "$(inherited) @executable_path/Frameworks";
				PRODUCT_BUNDLE_IDENTIFIER = com.gedaym.GuessTheFlag;
				PRODUCT_NAME = "$(TARGET_NAME)";
				PROVISIONING_PROFILE = "";
			};
			name = Debug;
		};
		138B1DA21C943924008EFE7B /* Release */ = {
			isa = XCBuildConfiguration;
			buildSettings = {
				ASSETCATALOG_COMPILER_APPICON_NAME = AppIcon;
				CODE_SIGN_IDENTITY = "iPhone Developer";
				"CODE_SIGN_IDENTITY[sdk=iphoneos*]" = "iPhone Developer";
				INFOPLIST_FILE = GuessTheFlag/Info.plist;
				LD_RUNPATH_SEARCH_PATHS = "$(inherited) @executable_path/Frameworks";
				PRODUCT_BUNDLE_IDENTIFIER = com.gedaym.GuessTheFlag;
				PRODUCT_NAME = "$(TARGET_NAME)";
				PROVISIONING_PROFILE = "";
			};
			name = Release;
		};
		138B1DA41C943924008EFE7B /* Debug */ = {
			isa = XCBuildConfiguration;
			buildSettings = {
				BUNDLE_LOADER = "$(TEST_HOST)";
				INFOPLIST_FILE = GuessTheFlagTests/Info.plist;
				LD_RUNPATH_SEARCH_PATHS = "$(inherited) @executable_path/Frameworks @loader_path/Frameworks";
				PRODUCT_BUNDLE_IDENTIFIER = com.gedaym.GuessTheFlagTests;
				PRODUCT_NAME = "$(TARGET_NAME)";
				TEST_HOST = "$(BUILT_PRODUCTS_DIR)/GuessTheFlag.app/GuessTheFlag";
			};
			name = Debug;
		};
		138B1DA51C943924008EFE7B /* Release */ = {
			isa = XCBuildConfiguration;
			buildSettings = {
				BUNDLE_LOADER = "$(TEST_HOST)";
				INFOPLIST_FILE = GuessTheFlagTests/Info.plist;
				LD_RUNPATH_SEARCH_PATHS = "$(inherited) @executable_path/Frameworks @loader_path/Frameworks";
				PRODUCT_BUNDLE_IDENTIFIER = com.gedaym.GuessTheFlagTests;
				PRODUCT_NAME = "$(TARGET_NAME)";
				TEST_HOST = "$(BUILT_PRODUCTS_DIR)/GuessTheFlag.app/GuessTheFlag";
			};
			name = Release;
		};
		138B1DA71C943924008EFE7B /* Debug */ = {
			isa = XCBuildConfiguration;
			buildSettings = {
				INFOPLIST_FILE = GuessTheFlagUITests/Info.plist;
				LD_RUNPATH_SEARCH_PATHS = "$(inherited) @executable_path/Frameworks @loader_path/Frameworks";
				PRODUCT_BUNDLE_IDENTIFIER = com.gedaym.GuessTheFlagUITests;
				PRODUCT_NAME = "$(TARGET_NAME)";
				TEST_TARGET_NAME = GuessTheFlag;
				USES_XCTRUNNER = YES;
			};
			name = Debug;
		};
		138B1DA81C943924008EFE7B /* Release */ = {
			isa = XCBuildConfiguration;
			buildSettings = {
				INFOPLIST_FILE = GuessTheFlagUITests/Info.plist;
				LD_RUNPATH_SEARCH_PATHS = "$(inherited) @executable_path/Frameworks @loader_path/Frameworks";
				PRODUCT_BUNDLE_IDENTIFIER = com.gedaym.GuessTheFlagUITests;
				PRODUCT_NAME = "$(TARGET_NAME)";
				TEST_TARGET_NAME = GuessTheFlag;
				USES_XCTRUNNER = YES;
			};
			name = Release;
		};
/* End XCBuildConfiguration section */

/* Begin XCConfigurationList section */
		138B1D731C943923008EFE7B /* Build configuration list for PBXProject "GuessTheFlag" */ = {
			isa = XCConfigurationList;
			buildConfigurations = (
				138B1D9E1C943924008EFE7B /* Debug */,
				138B1D9F1C943924008EFE7B /* Release */,
			);
			defaultConfigurationIsVisible = 0;
			defaultConfigurationName = Release;
		};
		138B1DA01C943924008EFE7B /* Build configuration list for PBXNativeTarget "GuessTheFlag" */ = {
			isa = XCConfigurationList;
			buildConfigurations = (
				138B1DA11C943924008EFE7B /* Debug */,
				138B1DA21C943924008EFE7B /* Release */,
			);
			defaultConfigurationIsVisible = 0;
		};
		138B1DA31C943924008EFE7B /* Build configuration list for PBXNativeTarget "GuessTheFlagTests" */ = {
			isa = XCConfigurationList;
			buildConfigurations = (
				138B1DA41C943924008EFE7B /* Debug */,
				138B1DA51C943924008EFE7B /* Release */,
			);
			defaultConfigurationIsVisible = 0;
		};
		138B1DA61C943924008EFE7B /* Build configuration list for PBXNativeTarget "GuessTheFlagUITests" */ = {
			isa = XCConfigurationList;
			buildConfigurations = (
				138B1DA71C943924008EFE7B /* Debug */,
				138B1DA81C943924008EFE7B /* Release */,
			);
			defaultConfigurationIsVisible = 0;
		};
/* End XCConfigurationList section */
	};
	rootObject = 138B1D701C943923008EFE7B /* Project object */;
}
